// !$*UTF8*$!
{
	archiveVersion = 1;
	classes = {
	};
	objectVersion = 46;
	objects = {

/* Begin PBXBuildFile section */
		8059C5361ED2E42B0008F520 /* README.md in Sources */ = {isa = PBXBuildFile; fileRef = 8059C5351ED2E42B0008F520 /* README.md */; };
		806FC7B71EC2D29300A8B1E2 /* Foundation.framework in Frameworks */ = {isa = PBXBuildFile; fileRef = 806FC7B61EC2D29300A8B1E2 /* Foundation.framework */; };
		806FC7B91EC2D29900A8B1E2 /* UIKit.framework in Frameworks */ = {isa = PBXBuildFile; fileRef = 806FC7B81EC2D29900A8B1E2 /* UIKit.framework */; };
		806FC7BB1EC2EEEA00A8B1E2 /* AudioToolbox.framework in Frameworks */ = {isa = PBXBuildFile; fileRef = 806FC7BA1EC2EEEA00A8B1E2 /* AudioToolbox.framework */; };
		8079278F1F022E53000A8B72 /* QuartzCore.framework in Frameworks */ = {isa = PBXBuildFile; fileRef = 8079278E1F022E53000A8B72 /* QuartzCore.framework */; };
		80ABDD861FBC17FE00C5DF2F /* Constant.swift in Sources */ = {isa = PBXBuildFile; fileRef = 80ABDD4F1FBC17FD00C5DF2F /* Constant.swift */; };
		80ABDD871FBC17FE00C5DF2F /* Cloud.png in Resources */ = {isa = PBXBuildFile; fileRef = 80ABDD521FBC17FD00C5DF2F /* Cloud.png */; };
		80ABDD881FBC17FE00C5DF2F /* explosionTransparent.png in Resources */ = {isa = PBXBuildFile; fileRef = 80ABDD531FBC17FD00C5DF2F /* explosionTransparent.png */; };
		80ABDD891FBC17FE00C5DF2F /* IMAGE.png in Resources */ = {isa = PBXBuildFile; fileRef = 80ABDD541FBC17FD00C5DF2F /* IMAGE.png */; };
		80ABDD8A1FBC17FE00C5DF2F /* Panda1.gif in Resources */ = {isa = PBXBuildFile; fileRef = 80ABDD551FBC17FD00C5DF2F /* Panda1.gif */; };
		80ABDD8B1FBC17FE00C5DF2F /* Panda2.gif in Resources */ = {isa = PBXBuildFile; fileRef = 80ABDD561FBC17FD00C5DF2F /* Panda2.gif */; };
		80ABDD8C1FBC17FE00C5DF2F /* Panda3.gif in Resources */ = {isa = PBXBuildFile; fileRef = 80ABDD571FBC17FD00C5DF2F /* Panda3.gif */; };
		80ABDD8D1FBC17FE00C5DF2F /* Panda321.gif in Resources */ = {isa = PBXBuildFile; fileRef = 80ABDD581FBC17FD00C5DF2F /* Panda321.gif */; };
		80ABDD8E1FBC17FE00C5DF2F /* AppDelegate.swift in Sources */ = {isa = PBXBuildFile; fileRef = 80ABDD5B1FBC17FD00C5DF2F /* AppDelegate.swift */; };
		80ABDD8F1FBC17FE00C5DF2F /* LaunchScreen.storyboard in Resources */ = {isa = PBXBuildFile; fileRef = 80ABDD5D1FBC17FD00C5DF2F /* LaunchScreen.storyboard */; };
		80ABDD901FBC17FE00C5DF2F /* Main.storyboard in Resources */ = {isa = PBXBuildFile; fileRef = 80ABDD5F1FBC17FD00C5DF2F /* Main.storyboard */; };
		80ABDD911FBC17FE00C5DF2F /* LongDivisionViewController.swift in Sources */ = {isa = PBXBuildFile; fileRef = 80ABDD641FBC17FD00C5DF2F /* LongDivisionViewController.swift */; };
		80ABDD921FBC17FE00C5DF2F /* LongDivisionViewModel.swift in Sources */ = {isa = PBXBuildFile; fileRef = 80ABDD651FBC17FD00C5DF2F /* LongDivisionViewModel.swift */; };
		80ABDD931FBC17FE00C5DF2F /* MathFactsViewController.swift in Sources */ = {isa = PBXBuildFile; fileRef = 80ABDD671FBC17FD00C5DF2F /* MathFactsViewController.swift */; };
		80ABDD941FBC17FE00C5DF2F /* MathFactsViewModel.swift in Sources */ = {isa = PBXBuildFile; fileRef = 80ABDD681FBC17FD00C5DF2F /* MathFactsViewModel.swift */; };
		80ABDD951FBC17FE00C5DF2F /* MenuViewController.swift in Sources */ = {isa = PBXBuildFile; fileRef = 80ABDD6A1FBC17FD00C5DF2F /* MenuViewController.swift */; };
		80ABDD961FBC17FE00C5DF2F /* MenuViewmodel.swift in Sources */ = {isa = PBXBuildFile; fileRef = 80ABDD6B1FBC17FD00C5DF2F /* MenuViewmodel.swift */; };
		80ABDD971FBC17FE00C5DF2F /* MultiAppViewController.swift in Sources */ = {isa = PBXBuildFile; fileRef = 80ABDD6D1FBC17FD00C5DF2F /* MultiAppViewController.swift */; };
		80ABDD981FBC17FE00C5DF2F /* MultiAppViewModel.swift in Sources */ = {isa = PBXBuildFile; fileRef = 80ABDD6E1FBC17FD00C5DF2F /* MultiAppViewModel.swift */; };
		80ABDD991FBC17FE00C5DF2F /* MultiSpeedDrillModel.swift in Sources */ = {isa = PBXBuildFile; fileRef = 80ABDD701FBC17FD00C5DF2F /* MultiSpeedDrillModel.swift */; };
		80ABDD9A1FBC17FE00C5DF2F /* MultiSpeedDrillViewController.swift in Sources */ = {isa = PBXBuildFile; fileRef = 80ABDD711FBC17FD00C5DF2F /* MultiSpeedDrillViewController.swift */; };
		80ABDD9B1FBC17FE00C5DF2F /* Explosion3.wav in Resources */ = {isa = PBXBuildFile; fileRef = 80ABDD731FBC17FD00C5DF2F /* Explosion3.wav */; };
		80ABDD9C1FBC17FE00C5DF2F /* ffft.wav in Resources */ = {isa = PBXBuildFile; fileRef = 80ABDD741FBC17FD00C5DF2F /* ffft.wav */; };
		80ABDD9D1FBC17FE00C5DF2F /* Girl Voice- yay.wav in Resources */ = {isa = PBXBuildFile; fileRef = 80ABDD751FBC17FD00C5DF2F /* Girl Voice- yay.wav */; };
		80ABDD9E1FBC17FE00C5DF2F /* ohuh.wav in Resources */ = {isa = PBXBuildFile; fileRef = 80ABDD761FBC17FD00C5DF2F /* ohuh.wav */; };
		80ABDD9F1FBC17FE00C5DF2F /* small_crowd_cheering_and_clapping.wav in Resources */ = {isa = PBXBuildFile; fileRef = 80ABDD771FBC17FD00C5DF2F /* small_crowd_cheering_and_clapping.wav */; };
		80ABDDA01FBC17FE00C5DF2F /* swoosh.wav in Resources */ = {isa = PBXBuildFile; fileRef = 80ABDD781FBC17FD00C5DF2F /* swoosh.wav */; };
		80ABDDA11FBC17FE00C5DF2F /* tap.wav in Resources */ = {isa = PBXBuildFile; fileRef = 80ABDD791FBC17FD00C5DF2F /* tap.wav */; };
		80ABDDA21FBC17FE00C5DF2F /* Assets.xcassets in Resources */ = {isa = PBXBuildFile; fileRef = 80ABDD7B1FBC17FD00C5DF2F /* Assets.xcassets */; };
		80ABDDA31FBC17FE00C5DF2F /* Babalu.ttf in Resources */ = {isa = PBXBuildFile; fileRef = 80ABDD7C1FBC17FD00C5DF2F /* Babalu.ttf */; };
		80ABDDA41FBC17FE00C5DF2F /* data.plist in Resources */ = {isa = PBXBuildFile; fileRef = 80ABDD7D1FBC17FD00C5DF2F /* data.plist */; };
		80ABDDA51FBC17FE00C5DF2F /* Flux Architect Regular.ttf in Resources */ = {isa = PBXBuildFile; fileRef = 80ABDD7E1FBC17FD00C5DF2F /* Flux Architect Regular.ttf */; };
		80ABDDA61FBC17FE00C5DF2F /* Info.plist in Resources */ = {isa = PBXBuildFile; fileRef = 80ABDD7F1FBC17FD00C5DF2F /* Info.plist */; };
		80ABDDA71FBC17FE00C5DF2F /* iOSDevCenters+GIF.swift in Sources */ = {isa = PBXBuildFile; fileRef = 80ABDD801FBC17FD00C5DF2F /* iOSDevCenters+GIF.swift */; };
		80ABDDA81FBC17FE00C5DF2F /* SFNS display semibold.ttf in Resources */ = {isa = PBXBuildFile; fileRef = 80ABDD811FBC17FD00C5DF2F /* SFNS display semibold.ttf */; };
		80ABDDA91FBC17FE00C5DF2F /* sfns-system-san-francisco-display.ttf in Resources */ = {isa = PBXBuildFile; fileRef = 80ABDD821FBC17FD00C5DF2F /* sfns-system-san-francisco-display.ttf */; };
		80ABDDAA1FBC17FE00C5DF2F /* SoundFileObject.swift in Sources */ = {isa = PBXBuildFile; fileRef = 80ABDD841FBC17FD00C5DF2F /* SoundFileObject.swift */; };
		80ABDDAB1FBC17FE00C5DF2F /* You're So Cool - TTF.ttf in Resources */ = {isa = PBXBuildFile; fileRef = 80ABDD851FBC17FD00C5DF2F /* You're So Cool - TTF.ttf */; };
/* End PBXBuildFile section */

/* Begin PBXFileReference section */
		278E4F15B77C77937F253E4B /* Pods-LearnMath.release.xcconfig */ = {isa = PBXFileReference; includeInIndex = 1; lastKnownFileType = text.xcconfig; name = "Pods-LearnMath.release.xcconfig"; path = "Pods/Target Support Files/Pods-LearnMath/Pods-LearnMath.release.xcconfig"; sourceTree = "<group>"; };
		33F47124FE94630457DC8C9F /* Pods-MathFacts.debug.xcconfig */ = {isa = PBXFileReference; includeInIndex = 1; lastKnownFileType = text.xcconfig; name = "Pods-MathFacts.debug.xcconfig"; path = "Pods/Target Support Files/Pods-MathFacts/Pods-MathFacts.debug.xcconfig"; sourceTree = "<group>"; };
		8059C5351ED2E42B0008F520 /* README.md */ = {isa = PBXFileReference; fileEncoding = 4; lastKnownFileType = net.daringfireball.markdown; path = README.md; sourceTree = "<group>"; };
		806FC79B1EC2CC8300A8B1E2 /* LearnMath.app */ = {isa = PBXFileReference; explicitFileType = wrapper.application; includeInIndex = 0; path = LearnMath.app; sourceTree = BUILT_PRODUCTS_DIR; };
		806FC7B61EC2D29300A8B1E2 /* Foundation.framework */ = {isa = PBXFileReference; lastKnownFileType = wrapper.framework; name = Foundation.framework; path = System/Library/Frameworks/Foundation.framework; sourceTree = SDKROOT; };
		806FC7B81EC2D29900A8B1E2 /* UIKit.framework */ = {isa = PBXFileReference; lastKnownFileType = wrapper.framework; name = UIKit.framework; path = System/Library/Frameworks/UIKit.framework; sourceTree = SDKROOT; };
		806FC7BA1EC2EEEA00A8B1E2 /* AudioToolbox.framework */ = {isa = PBXFileReference; lastKnownFileType = wrapper.framework; name = AudioToolbox.framework; path = System/Library/Frameworks/AudioToolbox.framework; sourceTree = SDKROOT; };
		8079278E1F022E53000A8B72 /* QuartzCore.framework */ = {isa = PBXFileReference; lastKnownFileType = wrapper.framework; name = QuartzCore.framework; path = System/Library/Frameworks/QuartzCore.framework; sourceTree = SDKROOT; };
		80ABDD4F1FBC17FD00C5DF2F /* Constant.swift */ = {isa = PBXFileReference; fileEncoding = 4; lastKnownFileType = sourcecode.swift; path = Constant.swift; sourceTree = "<group>"; };
		80ABDD521FBC17FD00C5DF2F /* Cloud.png */ = {isa = PBXFileReference; lastKnownFileType = image.png; path = Cloud.png; sourceTree = "<group>"; };
		80ABDD531FBC17FD00C5DF2F /* explosionTransparent.png */ = {isa = PBXFileReference; lastKnownFileType = image.png; path = explosionTransparent.png; sourceTree = "<group>"; };
		80ABDD541FBC17FD00C5DF2F /* IMAGE.png */ = {isa = PBXFileReference; lastKnownFileType = image.png; path = IMAGE.png; sourceTree = "<group>"; };
		80ABDD551FBC17FD00C5DF2F /* Panda1.gif */ = {isa = PBXFileReference; lastKnownFileType = image.gif; path = Panda1.gif; sourceTree = "<group>"; };
		80ABDD561FBC17FD00C5DF2F /* Panda2.gif */ = {isa = PBXFileReference; lastKnownFileType = image.gif; path = Panda2.gif; sourceTree = "<group>"; };
		80ABDD571FBC17FD00C5DF2F /* Panda3.gif */ = {isa = PBXFileReference; lastKnownFileType = image.gif; path = Panda3.gif; sourceTree = "<group>"; };
		80ABDD581FBC17FD00C5DF2F /* Panda321.gif */ = {isa = PBXFileReference; lastKnownFileType = image.gif; path = Panda321.gif; sourceTree = "<group>"; };
		80ABDD5B1FBC17FD00C5DF2F /* AppDelegate.swift */ = {isa = PBXFileReference; fileEncoding = 4; lastKnownFileType = sourcecode.swift; path = AppDelegate.swift; sourceTree = "<group>"; };
		80ABDD5E1FBC17FD00C5DF2F /* Base */ = {isa = PBXFileReference; lastKnownFileType = file.storyboard; name = Base; path = Base.lproj/LaunchScreen.storyboard; sourceTree = "<group>"; };
		80ABDD601FBC17FD00C5DF2F /* Base */ = {isa = PBXFileReference; lastKnownFileType = file.storyboard; name = Base; path = Base.lproj/Main.storyboard; sourceTree = "<group>"; };
		80ABDD641FBC17FD00C5DF2F /* LongDivisionViewController.swift */ = {isa = PBXFileReference; fileEncoding = 4; lastKnownFileType = sourcecode.swift; path = LongDivisionViewController.swift; sourceTree = "<group>"; };
		80ABDD651FBC17FD00C5DF2F /* LongDivisionViewModel.swift */ = {isa = PBXFileReference; fileEncoding = 4; lastKnownFileType = sourcecode.swift; path = LongDivisionViewModel.swift; sourceTree = "<group>"; };
		80ABDD671FBC17FD00C5DF2F /* MathFactsViewController.swift */ = {isa = PBXFileReference; fileEncoding = 4; lastKnownFileType = sourcecode.swift; path = MathFactsViewController.swift; sourceTree = "<group>"; };
		80ABDD681FBC17FD00C5DF2F /* MathFactsViewModel.swift */ = {isa = PBXFileReference; fileEncoding = 4; lastKnownFileType = sourcecode.swift; path = MathFactsViewModel.swift; sourceTree = "<group>"; };
		80ABDD6A1FBC17FD00C5DF2F /* MenuViewController.swift */ = {isa = PBXFileReference; fileEncoding = 4; lastKnownFileType = sourcecode.swift; path = MenuViewController.swift; sourceTree = "<group>"; };
		80ABDD6B1FBC17FD00C5DF2F /* MenuViewmodel.swift */ = {isa = PBXFileReference; fileEncoding = 4; lastKnownFileType = sourcecode.swift; path = MenuViewmodel.swift; sourceTree = "<group>"; };
		80ABDD6D1FBC17FD00C5DF2F /* MultiAppViewController.swift */ = {isa = PBXFileReference; fileEncoding = 4; lastKnownFileType = sourcecode.swift; path = MultiAppViewController.swift; sourceTree = "<group>"; };
		80ABDD6E1FBC17FD00C5DF2F /* MultiAppViewModel.swift */ = {isa = PBXFileReference; fileEncoding = 4; lastKnownFileType = sourcecode.swift; path = MultiAppViewModel.swift; sourceTree = "<group>"; };
		80ABDD701FBC17FD00C5DF2F /* MultiSpeedDrillModel.swift */ = {isa = PBXFileReference; fileEncoding = 4; lastKnownFileType = sourcecode.swift; path = MultiSpeedDrillModel.swift; sourceTree = "<group>"; };
		80ABDD711FBC17FD00C5DF2F /* MultiSpeedDrillViewController.swift */ = {isa = PBXFileReference; fileEncoding = 4; lastKnownFileType = sourcecode.swift; path = MultiSpeedDrillViewController.swift; sourceTree = "<group>"; };
		80ABDD731FBC17FD00C5DF2F /* Explosion3.wav */ = {isa = PBXFileReference; lastKnownFileType = audio.wav; path = Explosion3.wav; sourceTree = "<group>"; };
		80ABDD741FBC17FD00C5DF2F /* ffft.wav */ = {isa = PBXFileReference; lastKnownFileType = audio.wav; path = ffft.wav; sourceTree = "<group>"; };
		80ABDD751FBC17FD00C5DF2F /* Girl Voice- yay.wav */ = {isa = PBXFileReference; lastKnownFileType = audio.wav; path = "Girl Voice- yay.wav"; sourceTree = "<group>"; };
		80ABDD761FBC17FD00C5DF2F /* ohuh.wav */ = {isa = PBXFileReference; lastKnownFileType = audio.wav; path = ohuh.wav; sourceTree = "<group>"; };
		80ABDD771FBC17FD00C5DF2F /* small_crowd_cheering_and_clapping.wav */ = {isa = PBXFileReference; lastKnownFileType = audio.wav; path = small_crowd_cheering_and_clapping.wav; sourceTree = "<group>"; };
		80ABDD781FBC17FD00C5DF2F /* swoosh.wav */ = {isa = PBXFileReference; lastKnownFileType = audio.wav; path = swoosh.wav; sourceTree = "<group>"; };
		80ABDD791FBC17FD00C5DF2F /* tap.wav */ = {isa = PBXFileReference; lastKnownFileType = audio.wav; path = tap.wav; sourceTree = "<group>"; };
		80ABDD7B1FBC17FD00C5DF2F /* Assets.xcassets */ = {isa = PBXFileReference; lastKnownFileType = folder.assetcatalog; path = Assets.xcassets; sourceTree = "<group>"; };
		80ABDD7C1FBC17FD00C5DF2F /* Babalu.ttf */ = {isa = PBXFileReference; lastKnownFileType = file; path = Babalu.ttf; sourceTree = "<group>"; };
		80ABDD7D1FBC17FD00C5DF2F /* data.plist */ = {isa = PBXFileReference; fileEncoding = 4; lastKnownFileType = text.plist.xml; path = data.plist; sourceTree = "<group>"; };
		80ABDD7E1FBC17FD00C5DF2F /* Flux Architect Regular.ttf */ = {isa = PBXFileReference; lastKnownFileType = file; path = "Flux Architect Regular.ttf"; sourceTree = "<group>"; };
		80ABDD7F1FBC17FD00C5DF2F /* Info.plist */ = {isa = PBXFileReference; fileEncoding = 4; lastKnownFileType = text.plist.xml; path = Info.plist; sourceTree = "<group>"; };
		80ABDD801FBC17FD00C5DF2F /* iOSDevCenters+GIF.swift */ = {isa = PBXFileReference; fileEncoding = 4; lastKnownFileType = sourcecode.swift; path = "iOSDevCenters+GIF.swift"; sourceTree = "<group>"; };
		80ABDD811FBC17FD00C5DF2F /* SFNS display semibold.ttf */ = {isa = PBXFileReference; lastKnownFileType = file; path = "SFNS display semibold.ttf"; sourceTree = "<group>"; };
		80ABDD821FBC17FD00C5DF2F /* sfns-system-san-francisco-display.ttf */ = {isa = PBXFileReference; lastKnownFileType = file; path = "sfns-system-san-francisco-display.ttf"; sourceTree = "<group>"; };
		80ABDD841FBC17FD00C5DF2F /* SoundFileObject.swift */ = {isa = PBXFileReference; fileEncoding = 4; lastKnownFileType = sourcecode.swift; path = SoundFileObject.swift; sourceTree = "<group>"; };
		80ABDD851FBC17FD00C5DF2F /* You're So Cool - TTF.ttf */ = {isa = PBXFileReference; lastKnownFileType = file; path = "You're So Cool - TTF.ttf"; sourceTree = "<group>"; };
		9C515FB35AE11052FD7CE436 /* Pods-MathFacts.release.xcconfig */ = {isa = PBXFileReference; includeInIndex = 1; lastKnownFileType = text.xcconfig; name = "Pods-MathFacts.release.xcconfig"; path = "Pods/Target Support Files/Pods-MathFacts/Pods-MathFacts.release.xcconfig"; sourceTree = "<group>"; };
		F272229B9381A31C92241CC0 /* Pods-LearnMath.debug.xcconfig */ = {isa = PBXFileReference; includeInIndex = 1; lastKnownFileType = text.xcconfig; name = "Pods-LearnMath.debug.xcconfig"; path = "Pods/Target Support Files/Pods-LearnMath/Pods-LearnMath.debug.xcconfig"; sourceTree = "<group>"; };
/* End PBXFileReference section */

/* Begin PBXFrameworksBuildPhase section */
		806FC7981EC2CC8300A8B1E2 /* Frameworks */ = {
			isa = PBXFrameworksBuildPhase;
			buildActionMask = 2147483647;
			files = (
				8079278F1F022E53000A8B72 /* QuartzCore.framework in Frameworks */,
				806FC7BB1EC2EEEA00A8B1E2 /* AudioToolbox.framework in Frameworks */,
				806FC7B91EC2D29900A8B1E2 /* UIKit.framework in Frameworks */,
				806FC7B71EC2D29300A8B1E2 /* Foundation.framework in Frameworks */,
			);
			runOnlyForDeploymentPostprocessing = 0;
		};
/* End PBXFrameworksBuildPhase section */

/* Begin PBXGroup section */
		7635C1AF1CFFB1CB7E22FCEA /* Pods */ = {
			isa = PBXGroup;
			children = (
				33F47124FE94630457DC8C9F /* Pods-MathFacts.debug.xcconfig */,
				9C515FB35AE11052FD7CE436 /* Pods-MathFacts.release.xcconfig */,
				F272229B9381A31C92241CC0 /* Pods-LearnMath.debug.xcconfig */,
				278E4F15B77C77937F253E4B /* Pods-LearnMath.release.xcconfig */,
			);
			name = Pods;
			sourceTree = "<group>";
		};
		806FC7921EC2CC8300A8B1E2 = {
			isa = PBXGroup;
			children = (
				8059C5351ED2E42B0008F520 /* README.md */,
				80ABDD4D1FBC17FD00C5DF2F /* LearnMath */,
				806FC79C1EC2CC8300A8B1E2 /* Products */,
				806FC7B51EC2D29200A8B1E2 /* Frameworks */,
				7635C1AF1CFFB1CB7E22FCEA /* Pods */,
			);
			sourceTree = "<group>";
		};
		806FC79C1EC2CC8300A8B1E2 /* Products */ = {
			isa = PBXGroup;
			children = (
				806FC79B1EC2CC8300A8B1E2 /* LearnMath.app */,
			);
			name = Products;
			sourceTree = "<group>";
		};
		806FC7B51EC2D29200A8B1E2 /* Frameworks */ = {
			isa = PBXGroup;
			children = (
				8079278E1F022E53000A8B72 /* QuartzCore.framework */,
				806FC7BA1EC2EEEA00A8B1E2 /* AudioToolbox.framework */,
				806FC7B81EC2D29900A8B1E2 /* UIKit.framework */,
				806FC7B61EC2D29300A8B1E2 /* Foundation.framework */,
			);
			name = Frameworks;
			sourceTree = "<group>";
		};
		80ABDD4D1FBC17FD00C5DF2F /* LearnMath */ = {
			isa = PBXGroup;
			children = (
				80ABDD4E1FBC17FD00C5DF2F /* Common */,
				80ABDD501FBC17FD00C5DF2F /* Images */,
				80ABDD591FBC17FD00C5DF2F /* Scenes */,
				80ABDD721FBC17FD00C5DF2F /* Sounds */,
				80ABDD7A1FBC17FD00C5DF2F /* Supporting Files */,
			);
			path = LearnMath;
			sourceTree = "<group>";
		};
		80ABDD4E1FBC17FD00C5DF2F /* Common */ = {
			isa = PBXGroup;
			children = (
				80ABDD4F1FBC17FD00C5DF2F /* Constant.swift */,
			);
			path = Common;
			sourceTree = "<group>";
		};
		80ABDD501FBC17FD00C5DF2F /* Images */ = {
			isa = PBXGroup;
			children = (
				80ABDD511FBC17FD00C5DF2F /* AnimationImages */,
				80ABDD521FBC17FD00C5DF2F /* Cloud.png */,
				80ABDD531FBC17FD00C5DF2F /* explosionTransparent.png */,
				80ABDD541FBC17FD00C5DF2F /* IMAGE.png */,
				80ABDD551FBC17FD00C5DF2F /* Panda1.gif */,
				80ABDD561FBC17FD00C5DF2F /* Panda2.gif */,
				80ABDD571FBC17FD00C5DF2F /* Panda3.gif */,
				80ABDD581FBC17FD00C5DF2F /* Panda321.gif */,
			);
			path = Images;
			sourceTree = "<group>";
		};
		80ABDD511FBC17FD00C5DF2F /* AnimationImages */ = {
			isa = PBXGroup;
			children = (
			);
			path = AnimationImages;
			sourceTree = "<group>";
		};
		80ABDD591FBC17FD00C5DF2F /* Scenes */ = {
			isa = PBXGroup;
			children = (
				80ABDD5A1FBC17FD00C5DF2F /* AppDelegate */,
				80ABDD5C1FBC17FD00C5DF2F /* StoryBoard */,
				80ABDD611FBC17FD00C5DF2F /* ViewControllers */,
			);
			path = Scenes;
			sourceTree = "<group>";
		};
		80ABDD5A1FBC17FD00C5DF2F /* AppDelegate */ = {
			isa = PBXGroup;
			children = (
				80ABDD5B1FBC17FD00C5DF2F /* AppDelegate.swift */,
			);
			path = AppDelegate;
			sourceTree = "<group>";
		};
		80ABDD5C1FBC17FD00C5DF2F /* StoryBoard */ = {
			isa = PBXGroup;
			children = (
				80ABDD5D1FBC17FD00C5DF2F /* LaunchScreen.storyboard */,
				80ABDD5F1FBC17FD00C5DF2F /* Main.storyboard */,
			);
			path = StoryBoard;
			sourceTree = "<group>";
		};
		80ABDD611FBC17FD00C5DF2F /* ViewControllers */ = {
			isa = PBXGroup;
			children = (
				80ABDD621FBC17FD00C5DF2F /* KeyBoard */,
				80ABDD631FBC17FD00C5DF2F /* LongDivision */,
				80ABDD661FBC17FD00C5DF2F /* MathFacts */,
				80ABDD691FBC17FD00C5DF2F /* Menu */,
				80ABDD6C1FBC17FD00C5DF2F /* MultiAppView */,
				80ABDD6F1FBC17FD00C5DF2F /* MultiSpeedDrill */,
			);
			path = ViewControllers;
			sourceTree = "<group>";
		};
		80ABDD621FBC17FD00C5DF2F /* KeyBoard */ = {
			isa = PBXGroup;
			children = (
			);
			path = KeyBoard;
			sourceTree = "<group>";
		};
		80ABDD631FBC17FD00C5DF2F /* LongDivision */ = {
			isa = PBXGroup;
			children = (
				80ABDD641FBC17FD00C5DF2F /* LongDivisionViewController.swift */,
				80ABDD651FBC17FD00C5DF2F /* LongDivisionViewModel.swift */,
			);
			path = LongDivision;
			sourceTree = "<group>";
		};
		80ABDD661FBC17FD00C5DF2F /* MathFacts */ = {
			isa = PBXGroup;
			children = (
				80ABDD671FBC17FD00C5DF2F /* MathFactsViewController.swift */,
				80ABDD681FBC17FD00C5DF2F /* MathFactsViewModel.swift */,
			);
			path = MathFacts;
			sourceTree = "<group>";
		};
		80ABDD691FBC17FD00C5DF2F /* Menu */ = {
			isa = PBXGroup;
			children = (
				80ABDD6A1FBC17FD00C5DF2F /* MenuViewController.swift */,
				80ABDD6B1FBC17FD00C5DF2F /* MenuViewmodel.swift */,
			);
			path = Menu;
			sourceTree = "<group>";
		};
		80ABDD6C1FBC17FD00C5DF2F /* MultiAppView */ = {
			isa = PBXGroup;
			children = (
				80ABDD6D1FBC17FD00C5DF2F /* MultiAppViewController.swift */,
				80ABDD6E1FBC17FD00C5DF2F /* MultiAppViewModel.swift */,
			);
			path = MultiAppView;
			sourceTree = "<group>";
		};
		80ABDD6F1FBC17FD00C5DF2F /* MultiSpeedDrill */ = {
			isa = PBXGroup;
			children = (
				80ABDD701FBC17FD00C5DF2F /* MultiSpeedDrillModel.swift */,
				80ABDD711FBC17FD00C5DF2F /* MultiSpeedDrillViewController.swift */,
			);
			path = MultiSpeedDrill;
			sourceTree = "<group>";
		};
		80ABDD721FBC17FD00C5DF2F /* Sounds */ = {
			isa = PBXGroup;
			children = (
				80ABDD731FBC17FD00C5DF2F /* Explosion3.wav */,
				80ABDD741FBC17FD00C5DF2F /* ffft.wav */,
				80ABDD751FBC17FD00C5DF2F /* Girl Voice- yay.wav */,
				80ABDD761FBC17FD00C5DF2F /* ohuh.wav */,
				80ABDD771FBC17FD00C5DF2F /* small_crowd_cheering_and_clapping.wav */,
				80ABDD781FBC17FD00C5DF2F /* swoosh.wav */,
				80ABDD791FBC17FD00C5DF2F /* tap.wav */,
			);
			path = Sounds;
			sourceTree = "<group>";
		};
		80ABDD7A1FBC17FD00C5DF2F /* Supporting Files */ = {
			isa = PBXGroup;
			children = (
				80ABDD7B1FBC17FD00C5DF2F /* Assets.xcassets */,
				80ABDD7C1FBC17FD00C5DF2F /* Babalu.ttf */,
				80ABDD7D1FBC17FD00C5DF2F /* data.plist */,
				80ABDD7E1FBC17FD00C5DF2F /* Flux Architect Regular.ttf */,
				80ABDD7F1FBC17FD00C5DF2F /* Info.plist */,
				80ABDD801FBC17FD00C5DF2F /* iOSDevCenters+GIF.swift */,
				80ABDD811FBC17FD00C5DF2F /* SFNS display semibold.ttf */,
				80ABDD821FBC17FD00C5DF2F /* sfns-system-san-francisco-display.ttf */,
				80ABDD831FBC17FD00C5DF2F /* Sound Files */,
				80ABDD851FBC17FD00C5DF2F /* You're So Cool - TTF.ttf */,
			);
			path = "Supporting Files";
			sourceTree = "<group>";
		};
		80ABDD831FBC17FD00C5DF2F /* Sound Files */ = {
			isa = PBXGroup;
			children = (
				80ABDD841FBC17FD00C5DF2F /* SoundFileObject.swift */,
			);
			path = "Sound Files";
			sourceTree = "<group>";
		};
/* End PBXGroup section */

/* Begin PBXNativeTarget section */
		806FC79A1EC2CC8300A8B1E2 /* LearnMath */ = {
			isa = PBXNativeTarget;
			buildConfigurationList = 806FC7AD1EC2CC8800A8B1E2 /* Build configuration list for PBXNativeTarget "LearnMath" */;
			buildPhases = (
				4492D917E981A706B71E70CE /* [CP] Check Pods Manifest.lock */,
				806FC7971EC2CC8300A8B1E2 /* Sources */,
				806FC7981EC2CC8300A8B1E2 /* Frameworks */,
				806FC7991EC2CC8300A8B1E2 /* Resources */,
				57D94B9DAE68600429765CB5 /* [CP] Embed Pods Frameworks */,
				CCDEE6D5273F611AA0DBE20E /* [CP] Copy Pods Resources */,
			);
			buildRules = (
			);
			dependencies = (
			);
			name = LearnMath;
			productName = MathFacts2;
			productReference = 806FC79B1EC2CC8300A8B1E2 /* LearnMath.app */;
			productType = "com.apple.product-type.application";
		};
/* End PBXNativeTarget section */

/* Begin PBXProject section */
		806FC7931EC2CC8300A8B1E2 /* Project object */ = {
			isa = PBXProject;
			attributes = {
				LastSwiftUpdateCheck = 0820;
				LastUpgradeCheck = 0820;
				ORGANIZATIONNAME = StellentSoft;
				TargetAttributes = {
					806FC79A1EC2CC8300A8B1E2 = {
						CreatedOnToolsVersion = 8.2;
						DevelopmentTeam = 6GFX2TQGWG;
						ProvisioningStyle = Manual;
					};
				};
			};
			buildConfigurationList = 806FC7961EC2CC8300A8B1E2 /* Build configuration list for PBXProject "LearnMath" */;
			compatibilityVersion = "Xcode 3.2";
			developmentRegion = English;
			hasScannedForEncodings = 0;
			knownRegions = (
				en,
				Base,
			);
			mainGroup = 806FC7921EC2CC8300A8B1E2;
			productRefGroup = 806FC79C1EC2CC8300A8B1E2 /* Products */;
			projectDirPath = "";
			projectRoot = "";
			targets = (
				806FC79A1EC2CC8300A8B1E2 /* LearnMath */,
			);
		};
/* End PBXProject section */

/* Begin PBXResourcesBuildPhase section */
		806FC7991EC2CC8300A8B1E2 /* Resources */ = {
			isa = PBXResourcesBuildPhase;
			buildActionMask = 2147483647;
			files = (
				80ABDD881FBC17FE00C5DF2F /* explosionTransparent.png in Resources */,
				80ABDD9F1FBC17FE00C5DF2F /* small_crowd_cheering_and_clapping.wav in Resources */,
				80ABDD9C1FBC17FE00C5DF2F /* ffft.wav in Resources */,
				80ABDD8F1FBC17FE00C5DF2F /* LaunchScreen.storyboard in Resources */,
				80ABDDA91FBC17FE00C5DF2F /* sfns-system-san-francisco-display.ttf in Resources */,
				80ABDDA01FBC17FE00C5DF2F /* swoosh.wav in Resources */,
				80ABDD891FBC17FE00C5DF2F /* IMAGE.png in Resources */,
				80ABDDA21FBC17FE00C5DF2F /* Assets.xcassets in Resources */,
				80ABDD871FBC17FE00C5DF2F /* Cloud.png in Resources */,
				80ABDD9B1FBC17FE00C5DF2F /* Explosion3.wav in Resources */,
				80ABDDA11FBC17FE00C5DF2F /* tap.wav in Resources */,
				80ABDD8C1FBC17FE00C5DF2F /* Panda3.gif in Resources */,
				80ABDD9D1FBC17FE00C5DF2F /* Girl Voice- yay.wav in Resources */,
				80ABDD8A1FBC17FE00C5DF2F /* Panda1.gif in Resources */,
				80ABDD901FBC17FE00C5DF2F /* Main.storyboard in Resources */,
				80ABDD9E1FBC17FE00C5DF2F /* ohuh.wav in Resources */,
				80ABDD8D1FBC17FE00C5DF2F /* Panda321.gif in Resources */,
				80ABDDAB1FBC17FE00C5DF2F /* You're So Cool - TTF.ttf in Resources */,
				80ABDD8B1FBC17FE00C5DF2F /* Panda2.gif in Resources */,
				80ABDDA31FBC17FE00C5DF2F /* Babalu.ttf in Resources */,
				80ABDDA81FBC17FE00C5DF2F /* SFNS display semibold.ttf in Resources */,
				80ABDDA51FBC17FE00C5DF2F /* Flux Architect Regular.ttf in Resources */,
				80ABDDA41FBC17FE00C5DF2F /* data.plist in Resources */,
				80ABDDA61FBC17FE00C5DF2F /* Info.plist in Resources */,
			);
			runOnlyForDeploymentPostprocessing = 0;
		};
/* End PBXResourcesBuildPhase section */

/* Begin PBXShellScriptBuildPhase section */
		4492D917E981A706B71E70CE /* [CP] Check Pods Manifest.lock */ = {
			isa = PBXShellScriptBuildPhase;
			buildActionMask = 2147483647;
			files = (
			);
			inputPaths = (
				"${PODS_PODFILE_DIR_PATH}/Podfile.lock",
				"${PODS_ROOT}/Manifest.lock",
			);
			name = "[CP] Check Pods Manifest.lock";
			outputPaths = (
				"$(DERIVED_FILE_DIR)/Pods-LearnMath-checkManifestLockResult.txt",
			);
			runOnlyForDeploymentPostprocessing = 0;
			shellPath = /bin/sh;
			shellScript = "diff \"${PODS_PODFILE_DIR_PATH}/Podfile.lock\" \"${PODS_ROOT}/Manifest.lock\" > /dev/null\nif [ $? != 0 ] ; then\n    # print error to STDERR\n    echo \"error: The sandbox is not in sync with the Podfile.lock. Run 'pod install' or update your CocoaPods installation.\" >&2\n    exit 1\nfi\n# This output is used by Xcode 'outputs' to avoid re-running this script phase.\necho \"SUCCESS\" > \"${SCRIPT_OUTPUT_FILE_0}\"\n";
			showEnvVarsInLog = 0;
		};
		57D94B9DAE68600429765CB5 /* [CP] Embed Pods Frameworks */ = {
			isa = PBXShellScriptBuildPhase;
			buildActionMask = 2147483647;
			files = (
			);
			inputPaths = (
				"${SRCROOT}/Pods/Target Support Files/Pods-LearnMath/Pods-LearnMath-frameworks.sh",
				"${BUILT_PRODUCTS_DIR}/Cheers/Cheers.framework",
			);
			name = "[CP] Embed Pods Frameworks";
			outputPaths = (
				"${TARGET_BUILD_DIR}/${FRAMEWORKS_FOLDER_PATH}/Cheers.framework",
			);
			runOnlyForDeploymentPostprocessing = 0;
			shellPath = /bin/sh;
			shellScript = "\"${SRCROOT}/Pods/Target Support Files/Pods-LearnMath/Pods-LearnMath-frameworks.sh\"\n";
			showEnvVarsInLog = 0;
		};
		CCDEE6D5273F611AA0DBE20E /* [CP] Copy Pods Resources */ = {
			isa = PBXShellScriptBuildPhase;
			buildActionMask = 2147483647;
			files = (
			);
			inputPaths = (
			);
			name = "[CP] Copy Pods Resources";
			outputPaths = (
			);
			runOnlyForDeploymentPostprocessing = 0;
			shellPath = /bin/sh;
			shellScript = "\"${SRCROOT}/Pods/Target Support Files/Pods-LearnMath/Pods-LearnMath-resources.sh\"\n";
			showEnvVarsInLog = 0;
		};
/* End PBXShellScriptBuildPhase section */

/* Begin PBXSourcesBuildPhase section */
		806FC7971EC2CC8300A8B1E2 /* Sources */ = {
			isa = PBXSourcesBuildPhase;
			buildActionMask = 2147483647;
			files = (
				80ABDD9A1FBC17FE00C5DF2F /* MultiSpeedDrillViewController.swift in Sources */,
				80ABDD941FBC17FE00C5DF2F /* MathFactsViewModel.swift in Sources */,
				80ABDD991FBC17FE00C5DF2F /* MultiSpeedDrillModel.swift in Sources */,
				80ABDDA71FBC17FE00C5DF2F /* iOSDevCenters+GIF.swift in Sources */,
				80ABDD8E1FBC17FE00C5DF2F /* AppDelegate.swift in Sources */,
				80ABDD971FBC17FE00C5DF2F /* MultiAppViewController.swift in Sources */,
				8059C5361ED2E42B0008F520 /* README.md in Sources */,
				80ABDD981FBC17FE00C5DF2F /* MultiAppViewModel.swift in Sources */,
				80ABDD961FBC17FE00C5DF2F /* MenuViewmodel.swift in Sources */,
				80ABDD931FBC17FE00C5DF2F /* MathFactsViewController.swift in Sources */,
				80ABDD911FBC17FE00C5DF2F /* LongDivisionViewController.swift in Sources */,
				80ABDD861FBC17FE00C5DF2F /* Constant.swift in Sources */,
				80ABDD921FBC17FE00C5DF2F /* LongDivisionViewModel.swift in Sources */,
				80ABDDAA1FBC17FE00C5DF2F /* SoundFileObject.swift in Sources */,
				80ABDD951FBC17FE00C5DF2F /* MenuViewController.swift in Sources */,
			);
			runOnlyForDeploymentPostprocessing = 0;
		};
/* End PBXSourcesBuildPhase section */

/* Begin PBXVariantGroup section */
		80ABDD5D1FBC17FD00C5DF2F /* LaunchScreen.storyboard */ = {
			isa = PBXVariantGroup;
			children = (
				80ABDD5E1FBC17FD00C5DF2F /* Base */,
			);
			name = LaunchScreen.storyboard;
			sourceTree = "<group>";
		};
		80ABDD5F1FBC17FD00C5DF2F /* Main.storyboard */ = {
			isa = PBXVariantGroup;
			children = (
				80ABDD601FBC17FD00C5DF2F /* Base */,
			);
			name = Main.storyboard;
			sourceTree = "<group>";
		};
/* End PBXVariantGroup section */

/* Begin XCBuildConfiguration section */
		806FC7AB1EC2CC8700A8B1E2 /* Debug */ = {
			isa = XCBuildConfiguration;
			buildSettings = {
				ALWAYS_SEARCH_USER_PATHS = NO;
				CLANG_ANALYZER_NONNULL = YES;
				CLANG_CXX_LANGUAGE_STANDARD = "gnu++0x";
				CLANG_CXX_LIBRARY = "libc++";
				CLANG_ENABLE_MODULES = YES;
				CLANG_ENABLE_OBJC_ARC = YES;
				CLANG_WARN_BOOL_CONVERSION = YES;
				CLANG_WARN_CONSTANT_CONVERSION = YES;
				CLANG_WARN_DIRECT_OBJC_ISA_USAGE = YES_ERROR;
				CLANG_WARN_DOCUMENTATION_COMMENTS = YES;
				CLANG_WARN_EMPTY_BODY = YES;
				CLANG_WARN_ENUM_CONVERSION = YES;
				CLANG_WARN_INFINITE_RECURSION = YES;
				CLANG_WARN_INT_CONVERSION = YES;
				CLANG_WARN_OBJC_ROOT_CLASS = YES_ERROR;
				CLANG_WARN_SUSPICIOUS_MOVE = YES;
				CLANG_WARN_UNREACHABLE_CODE = YES;
				CLANG_WARN__DUPLICATE_METHOD_MATCH = YES;
				CODE_SIGN_IDENTITY = "iPhone Distribution: TROOMOBILE LLC";
				"CODE_SIGN_IDENTITY[sdk=iphoneos*]" = "iPhone Distribution: TROOMOBILE LLC";
				COPY_PHASE_STRIP = NO;
				DEBUG_INFORMATION_FORMAT = dwarf;
				ENABLE_STRICT_OBJC_MSGSEND = YES;
				ENABLE_TESTABILITY = YES;
				GCC_C_LANGUAGE_STANDARD = gnu99;
				GCC_DYNAMIC_NO_PIC = NO;
				GCC_NO_COMMON_BLOCKS = YES;
				GCC_OPTIMIZATION_LEVEL = 0;
				GCC_PREPROCESSOR_DEFINITIONS = (
					"DEBUG=1",
					"$(inherited)",
				);
				GCC_WARN_64_TO_32_BIT_CONVERSION = YES;
				GCC_WARN_ABOUT_RETURN_TYPE = YES_ERROR;
				GCC_WARN_UNDECLARED_SELECTOR = YES;
				GCC_WARN_UNINITIALIZED_AUTOS = YES_AGGRESSIVE;
				GCC_WARN_UNUSED_FUNCTION = YES;
				GCC_WARN_UNUSED_VARIABLE = YES;
				IPHONEOS_DEPLOYMENT_TARGET = 10.2;
				MTL_ENABLE_DEBUG_INFO = YES;
				ONLY_ACTIVE_ARCH = YES;
				PROVISIONING_PROFILE = "3d2130bd-31d3-4c64-aae3-ac2c9f03762a";
				SDKROOT = iphoneos;
				SWIFT_ACTIVE_COMPILATION_CONDITIONS = DEBUG;
				SWIFT_OPTIMIZATION_LEVEL = "-Onone";
			};
			name = Debug;
		};
		806FC7AC1EC2CC8700A8B1E2 /* Release */ = {
			isa = XCBuildConfiguration;
			buildSettings = {
				ALWAYS_SEARCH_USER_PATHS = NO;
				CLANG_ANALYZER_NONNULL = YES;
				CLANG_CXX_LANGUAGE_STANDARD = "gnu++0x";
				CLANG_CXX_LIBRARY = "libc++";
				CLANG_ENABLE_MODULES = YES;
				CLANG_ENABLE_OBJC_ARC = YES;
				CLANG_WARN_BOOL_CONVERSION = YES;
				CLANG_WARN_CONSTANT_CONVERSION = YES;
				CLANG_WARN_DIRECT_OBJC_ISA_USAGE = YES_ERROR;
				CLANG_WARN_DOCUMENTATION_COMMENTS = YES;
				CLANG_WARN_EMPTY_BODY = YES;
				CLANG_WARN_ENUM_CONVERSION = YES;
				CLANG_WARN_INFINITE_RECURSION = YES;
				CLANG_WARN_INT_CONVERSION = YES;
				CLANG_WARN_OBJC_ROOT_CLASS = YES_ERROR;
				CLANG_WARN_SUSPICIOUS_MOVE = YES;
				CLANG_WARN_UNREACHABLE_CODE = YES;
				CLANG_WARN__DUPLICATE_METHOD_MATCH = YES;
				CODE_SIGN_IDENTITY = "iPhone Distribution: TROOMOBILE LLC";
				"CODE_SIGN_IDENTITY[sdk=iphoneos*]" = "iPhone Distribution: TROOMOBILE LLC";
				COPY_PHASE_STRIP = NO;
				DEBUG_INFORMATION_FORMAT = "dwarf-with-dsym";
				ENABLE_NS_ASSERTIONS = NO;
				ENABLE_STRICT_OBJC_MSGSEND = YES;
				GCC_C_LANGUAGE_STANDARD = gnu99;
				GCC_NO_COMMON_BLOCKS = YES;
				GCC_WARN_64_TO_32_BIT_CONVERSION = YES;
				GCC_WARN_ABOUT_RETURN_TYPE = YES_ERROR;
				GCC_WARN_UNDECLARED_SELECTOR = YES;
				GCC_WARN_UNINITIALIZED_AUTOS = YES_AGGRESSIVE;
				GCC_WARN_UNUSED_FUNCTION = YES;
				GCC_WARN_UNUSED_VARIABLE = YES;
				IPHONEOS_DEPLOYMENT_TARGET = 10.2;
				MTL_ENABLE_DEBUG_INFO = NO;
				PROVISIONING_PROFILE = "3d2130bd-31d3-4c64-aae3-ac2c9f03762a";
				SDKROOT = iphoneos;
				SWIFT_OPTIMIZATION_LEVEL = "-Owholemodule";
				VALIDATE_PRODUCT = YES;
			};
			name = Release;
		};
		806FC7AE1EC2CC8800A8B1E2 /* Debug */ = {
			isa = XCBuildConfiguration;
			baseConfigurationReference = F272229B9381A31C92241CC0 /* Pods-LearnMath.debug.xcconfig */;
			buildSettings = {
				ASSETCATALOG_COMPILER_APPICON_NAME = AppIcon;
				CODE_SIGN_IDENTITY = "iPhone Distribution: TROOMOBILE LLC";
				"CODE_SIGN_IDENTITY[sdk=iphoneos*]" = "iPhone Distribution: TROOMOBILE LLC";
				DEVELOPMENT_TEAM = 6GFX2TQGWG;
				INFOPLIST_FILE = "LearnMath/Supporting Files/Info.plist";
				IPHONEOS_DEPLOYMENT_TARGET = 10.0;
				PRODUCT_BUNDLE_IDENTIFIER = com.troomobile.mathfacts;
				PRODUCT_NAME = "$(TARGET_NAME)";
				PROVISIONING_PROFILE = "3d2130bd-31d3-4c64-aae3-ac2c9f03762a";
				PROVISIONING_PROFILE_SPECIFIER = Mathfacts_Inouse_ProvisionProfile;
				SWIFT_VERSION = 3.0;
			};
			name = Debug;
		};
		806FC7AF1EC2CC8800A8B1E2 /* Release */ = {
			isa = XCBuildConfiguration;
			baseConfigurationReference = 278E4F15B77C77937F253E4B /* Pods-LearnMath.release.xcconfig */;
			buildSettings = {
				ASSETCATALOG_COMPILER_APPICON_NAME = AppIcon;
				CODE_SIGN_IDENTITY = "iPhone Distribution: TROOMOBILE LLC";
				"CODE_SIGN_IDENTITY[sdk=*]" = "iPhone Distribution: TROOMOBILE LLC";
				"CODE_SIGN_IDENTITY[sdk=iphoneos*]" = "iPhone Distribution: TROOMOBILE LLC";
				DEVELOPMENT_TEAM = 6GFX2TQGWG;
				INFOPLIST_FILE = "LearnMath/Supporting Files/Info.plist";
				IPHONEOS_DEPLOYMENT_TARGET = 10.0;
				PRODUCT_BUNDLE_IDENTIFIER = com.troomobile.mathfacts;
				PRODUCT_NAME = "$(TARGET_NAME)";
				PROVISIONING_PROFILE = "3d2130bd-31d3-4c64-aae3-ac2c9f03762a";
				PROVISIONING_PROFILE_SPECIFIER = Mathfacts_Inouse_ProvisionProfile;
				SWIFT_VERSION = 3.0;
			};
			name = Release;
		};
/* End XCBuildConfiguration section */

/* Begin XCConfigurationList section */
		806FC7961EC2CC8300A8B1E2 /* Build configuration list for PBXProject "LearnMath" */ = {
			isa = XCConfigurationList;
			buildConfigurations = (
				806FC7AB1EC2CC8700A8B1E2 /* Debug */,
				806FC7AC1EC2CC8700A8B1E2 /* Release */,
			);
			defaultConfigurationIsVisible = 0;
			defaultConfigurationName = Release;
		};
		806FC7AD1EC2CC8800A8B1E2 /* Build configuration list for PBXNativeTarget "LearnMath" */ = {
			isa = XCConfigurationList;
			buildConfigurations = (
				806FC7AE1EC2CC8800A8B1E2 /* Debug */,
				806FC7AF1EC2CC8800A8B1E2 /* Release */,
			);
			defaultConfigurationIsVisible = 0;
			defaultConfigurationName = Release;
		};
/* End XCConfigurationList section */
	};
	rootObject = 806FC7931EC2CC8300A8B1E2 /* Project object */;
}
